
Microsoft Visual Studio Solution File, Format Version 12.00
# Visual Studio 14
VisualStudioVersion = 14.0.23107.0
MinimumVisualStudioVersion = 10.0.40219.1
Project("{FAE04EC0-301F-11D3-BF4B-00C04F79EFBC}") = "Task4", "Task4\Task4.csproj", "{A15C7668-0B3F-40D6-A63B-513BA66A9D7D}"
EndProject
Project("{FAE04EC0-301F-11D3-BF4B-00C04F79EFBC}") = "Task1.Tests", "Task1.Tests\Task1.Tests.csproj", "{E318E2CE-2A97-4BB8-BD42-3694687155BB}"
EndProject
Project("{FAE04EC0-301F-11D3-BF4B-00C04F79EFBC}") = "Task4.Tests", "Task4.Tests\Task4.Tests.csproj", "{4BF103BC-9CAD-49E5-B322-384DBBFFEA63}"
EndProject
Project("{FAE04EC0-301F-11D3-BF4B-00C04F79EFBC}") = "Task3", "Task3\Task3.csproj", "{86BA0896-9170-4910-9EB6-87E72E807238}"
EndProject
Project("{FAE04EC0-301F-11D3-BF4B-00C04F79EFBC}") = "Task3.Tests", "Task3.Tests\Task3.Tests.csproj", "{2DD29C57-9B0C-420A-A70A-274F95914189}"
EndProject
Project("{FAE04EC0-301F-11D3-BF4B-00C04F79EFBC}") = "Task2", "Task2\Task2.csproj", "{B17720F8-B1BA-4CE8-986F-317EDB3E4A74}"
EndProject
Project("{FAE04EC0-301F-11D3-BF4B-00C04F79EFBC}") = "Task2.Tests", "Task2.Tests\Task2.Tests.csproj", "{79121EE2-828F-4E07-8418-B760D90265BF}"
EndProject
Global
	GlobalSection(SolutionConfigurationPlatforms) = preSolution
		Debug|Any CPU = Debug|Any CPU
		Release|Any CPU = Release|Any CPU
	EndGlobalSection
	GlobalSection(ProjectConfigurationPlatforms) = postSolution
		{A15C7668-0B3F-40D6-A63B-513BA66A9D7D}.Debug|Any CPU.ActiveCfg = Debug|Any CPU
		{A15C7668-0B3F-40D6-A63B-513BA66A9D7D}.Debug|Any CPU.Build.0 = Debug|Any CPU
		{A15C7668-0B3F-40D6-A63B-513BA66A9D7D}.Release|Any CPU.ActiveCfg = Release|Any CPU
		{A15C7668-0B3F-40D6-A63B-513BA66A9D7D}.Release|Any CPU.Build.0 = Release|Any CPU
		{E318E2CE-2A97-4BB8-BD42-3694687155BB}.Debug|Any CPU.ActiveCfg = Debug|Any CPU
		{E318E2CE-2A97-4BB8-BD42-3694687155BB}.Debug|Any CPU.Build.0 = Debug|Any CPU
		{E318E2CE-2A97-4BB8-BD42-3694687155BB}.Release|Any CPU.ActiveCfg = Release|Any CPU
		{E318E2CE-2A97-4BB8-BD42-3694687155BB}.Release|Any CPU.Build.0 = Release|Any CPU
		{4BF103BC-9CAD-49E5-B322-384DBBFFEA63}.Debug|Any CPU.ActiveCfg = Debug|Any CPU
		{4BF103BC-9CAD-49E5-B322-384DBBFFEA63}.Debug|Any CPU.Build.0 = Debug|Any CPU
		{4BF103BC-9CAD-49E5-B322-384DBBFFEA63}.Release|Any CPU.ActiveCfg = Release|Any CPU
		{4BF103BC-9CAD-49E5-B322-384DBBFFEA63}.Release|Any CPU.Build.0 = Release|Any CPU
		{86BA0896-9170-4910-9EB6-87E72E807238}.Debug|Any CPU.ActiveCfg = Debug|Any CPU
		{86BA0896-9170-4910-9EB6-87E72E807238}.Debug|Any CPU.Build.0 = Debug|Any CPU
		{86BA0896-9170-4910-9EB6-87E72E807238}.Release|Any CPU.ActiveCfg = Release|Any CPU
		{86BA0896-9170-4910-9EB6-87E72E807238}.Release|Any CPU.Build.0 = Release|Any CPU
		{2DD29C57-9B0C-420A-A70A-274F95914189}.Debug|Any CPU.ActiveCfg = Debug|Any CPU
		{2DD29C57-9B0C-420A-A70A-274F95914189}.Debug|Any CPU.Build.0 = Debug|Any CPU
		{2DD29C57-9B0C-420A-A70A-274F95914189}.Release|Any CPU.ActiveCfg = Release|Any CPU
		{2DD29C57-9B0C-420A-A70A-274F95914189}.Release|Any CPU.Build.0 = Release|Any CPU
		{B17720F8-B1BA-4CE8-986F-317EDB3E4A74}.Debug|Any CPU.ActiveCfg = Debug|Any CPU
		{B17720F8-B1BA-4CE8-986F-317EDB3E4A74}.Debug|Any CPU.Build.0 = Debug|Any CPU
		{B17720F8-B1BA-4CE8-986F-317EDB3E4A74}.Release|Any CPU.ActiveCfg = Release|Any CPU
		{B17720F8-B1BA-4CE8-986F-317EDB3E4A74}.Release|Any CPU.Build.0 = Release|Any CPU
		{79121EE2-828F-4E07-8418-B760D90265BF}.Debug|Any CPU.ActiveCfg = Debug|Any CPU
		{79121EE2-828F-4E07-8418-B760D90265BF}.Debug|Any CPU.Build.0 = Debug|Any CPU
		{79121EE2-828F-4E07-8418-B760D90265BF}.Release|Any CPU.ActiveCfg = Release|Any CPU
		{79121EE2-828F-4E07-8418-B760D90265BF}.Release|Any CPU.Build.0 = Release|Any CPU
	EndGlobalSection
	GlobalSection(SolutionProperties) = preSolution
		HideSolutionNode = FALSE
	EndGlobalSection
EndGlobal
